
Microsoft Visual Studio Solution File, Format Version 12.00
# Visual Studio Version 17
VisualStudioVersion = 17.9.34728.123
MinimumVisualStudioVersion = 10.0.40219.1
Project("{FAE04EC0-301F-11D3-BF4B-00C04F79EFBC}") = "WineShopApplication", "WineShopApplication\WineShopApplication.csproj", "{F972EE07-4AD9-4553-9412-9E6E7EF098EE}"
EndProject
Global
	GlobalSection(SolutionConfigurationPlatforms) = preSolution
		Debug|Any CPU = Debug|Any CPU
		Release|Any CPU = Release|Any CPU
	EndGlobalSection
	GlobalSection(ProjectConfigurationPlatforms) = postSolution
		{F972EE07-4AD9-4553-9412-9E6E7EF098EE}.Debug|Any CPU.ActiveCfg = Debug|Any CPU
		{F972EE07-4AD9-4553-9412-9E6E7EF098EE}.Debug|Any CPU.Build.0 = Debug|Any CPU
		{F972EE07-4AD9-4553-9412-9E6E7EF098EE}.Release|Any CPU.ActiveCfg = Release|Any CPU
		{F972EE07-4AD9-4553-9412-9E6E7EF098EE}.Release|Any CPU.Build.0 = Release|Any CPU
	EndGlobalSection
	GlobalSection(SolutionProperties) = preSolution
		HideSolutionNode = FALSE
	EndGlobalSection
	GlobalSection(ExtensibilityGlobals) = postSolution
		SolutionGuid = {753BCB15-B42F-4324-A300-4D8084C673FE}
	EndGlobalSection
EndGlobal
